
Microsoft Visual Studio Solution File, Format Version 12.00
# Visual Studio Version 16
VisualStudioVersion = 16.0.29709.97
MinimumVisualStudioVersion = 10.0.40219.1
Project("{8BC9CEB8-8B4A-11D0-8D11-00A0C91BC942}") = "Newton-Raphson", "Newton-Raphson\Newton-Raphson.vcxproj", "{DB95FAC5-C69F-49A0-9BB2-BF6CE15336E9}"
EndProject
Global
	GlobalSection(SolutionConfigurationPlatforms) = preSolution
		Debug|x64 = Debug|x64
		Debug|x86 = Debug|x86
		Release|x64 = Release|x64
		Release|x86 = Release|x86
	EndGlobalSection
	GlobalSection(ProjectConfigurationPlatforms) = postSolution
		{DB95FAC5-C69F-49A0-9BB2-BF6CE15336E9}.Debug|x64.ActiveCfg = Debug|x64
		{DB95FAC5-C69F-49A0-9BB2-BF6CE15336E9}.Debug|x64.Build.0 = Debug|x64
		{DB95FAC5-C69F-49A0-9BB2-BF6CE15336E9}.Debug|x86.ActiveCfg = Debug|Win32
		{DB95FAC5-C69F-49A0-9BB2-BF6CE15336E9}.Debug|x86.Build.0 = Debug|Win32
		{DB95FAC5-C69F-49A0-9BB2-BF6CE15336E9}.Release|x64.ActiveCfg = Release|x64
		{DB95FAC5-C69F-49A0-9BB2-BF6CE15336E9}.Release|x64.Build.0 = Release|x64
		{DB95FAC5-C69F-49A0-9BB2-BF6CE15336E9}.Release|x86.ActiveCfg = Release|Win32
		{DB95FAC5-C69F-49A0-9BB2-BF6CE15336E9}.Release|x86.Build.0 = Release|Win32
	EndGlobalSection
	GlobalSection(SolutionProperties) = preSolution
		HideSolutionNode = FALSE
	EndGlobalSection
	GlobalSection(ExtensibilityGlobals) = postSolution
		SolutionGuid = {501A4A2C-7596-483F-94B3-7912B0DBCD6E}
	EndGlobalSection
EndGlobal
